
Microsoft Visual Studio Solution File, Format Version 12.00
Project("{FAE04EC0-301F-11D3-BF4B-00C04F79EFBC}") = "Arbeidskrav_1", "Arbeidskrav_1\Arbeidskrav_1.csproj", "{14CD2D9D-F638-4FC5-B4B0-096877913B93}"
EndProject
Global
	GlobalSection(SolutionConfigurationPlatforms) = preSolution
		Debug|Any CPU = Debug|Any CPU
		Release|Any CPU = Release|Any CPU
	EndGlobalSection
	GlobalSection(ProjectConfigurationPlatforms) = postSolution
		{14CD2D9D-F638-4FC5-B4B0-096877913B93}.Debug|Any CPU.ActiveCfg = Debug|Any CPU
		{14CD2D9D-F638-4FC5-B4B0-096877913B93}.Debug|Any CPU.Build.0 = Debug|Any CPU
		{14CD2D9D-F638-4FC5-B4B0-096877913B93}.Release|Any CPU.ActiveCfg = Release|Any CPU
		{14CD2D9D-F638-4FC5-B4B0-096877913B93}.Release|Any CPU.Build.0 = Release|Any CPU
	EndGlobalSection
EndGlobal
